// !$*UTF8*$!
{
	archiveVersion = 1;
	classes = {
	};
	objectVersion = 50;
	objects = {

/* Begin PBXBuildFile section */
		262AB93D25B8D72E003E77BB /* Category.swift in Sources */ = {isa = PBXBuildFile; fileRef = 262AB93C25B8D72E003E77BB /* Category.swift */; };
		262AB94025B8EC08003E77BB /* PlaceModel.swift in Sources */ = {isa = PBXBuildFile; fileRef = 262AB93F25B8EC08003E77BB /* PlaceModel.swift */; };
		26A9D4C425B8A6C900C1F78E /* TravelBlogApp.swift in Sources */ = {isa = PBXBuildFile; fileRef = 26A9D4C325B8A6C900C1F78E /* TravelBlogApp.swift */; };
		26A9D4C625B8A6C900C1F78E /* ContentView.swift in Sources */ = {isa = PBXBuildFile; fileRef = 26A9D4C525B8A6C900C1F78E /* ContentView.swift */; };
		26A9D4C825B8A6CA00C1F78E /* Assets.xcassets in Resources */ = {isa = PBXBuildFile; fileRef = 26A9D4C725B8A6CA00C1F78E /* Assets.xcassets */; };
		26A9D4CB25B8A6CA00C1F78E /* Preview Assets.xcassets in Resources */ = {isa = PBXBuildFile; fileRef = 26A9D4CA25B8A6CA00C1F78E /* Preview Assets.xcassets */; };
/* End PBXBuildFile section */

/* Begin PBXFileReference section */
		262AB93C25B8D72E003E77BB /* Category.swift */ = {isa = PBXFileReference; lastKnownFileType = sourcecode.swift; path = Category.swift; sourceTree = "<group>"; };
		262AB93F25B8EC08003E77BB /* PlaceModel.swift */ = {isa = PBXFileReference; lastKnownFileType = sourcecode.swift; path = PlaceModel.swift; sourceTree = "<group>"; };
		26A9D4C025B8A6C900C1F78E /* TravelBlog.app */ = {isa = PBXFileReference; explicitFileType = wrapper.application; includeInIndex = 0; path = TravelBlog.app; sourceTree = BUILT_PRODUCTS_DIR; };
		26A9D4C325B8A6C900C1F78E /* TravelBlogApp.swift */ = {isa = PBXFileReference; lastKnownFileType = sourcecode.swift; path = TravelBlogApp.swift; sourceTree = "<group>"; };
		26A9D4C525B8A6C900C1F78E /* ContentView.swift */ = {isa = PBXFileReference; lastKnownFileType = sourcecode.swift; path = ContentView.swift; sourceTree = "<group>"; };
		26A9D4C725B8A6CA00C1F78E /* Assets.xcassets */ = {isa = PBXFileReference; lastKnownFileType = folder.assetcatalog; path = Assets.xcassets; sourceTree = "<group>"; };
		26A9D4CA25B8A6CA00C1F78E /* Preview Assets.xcassets */ = {isa = PBXFileReference; lastKnownFileType = folder.assetcatalog; path = "Preview Assets.xcassets"; sourceTree = "<group>"; };
		26A9D4CC25B8A6CA00C1F78E /* Info.plist */ = {isa = PBXFileReference; lastKnownFileType = text.plist.xml; path = Info.plist; sourceTree = "<group>"; };
/* End PBXFileReference section */

/* Begin PBXFrameworksBuildPhase section */
		26A9D4BD25B8A6C900C1F78E /* Frameworks */ = {
			isa = PBXFrameworksBuildPhase;
			buildActionMask = 2147483647;
			files = (
			);
			runOnlyForDeploymentPostprocessing = 0;
		};
/* End PBXFrameworksBuildPhase section */

/* Begin PBXGroup section */
		262AB93B25B8D71A003E77BB /* Model */ = {
			isa = PBXGroup;
			children = (
				262AB93C25B8D72E003E77BB /* Category.swift */,
				262AB93F25B8EC08003E77BB /* PlaceModel.swift */,
			);
			path = Model;
			sourceTree = "<group>";
		};
		26A9D4B725B8A6C900C1F78E = {
			isa = PBXGroup;
			children = (
				26A9D4C225B8A6C900C1F78E /* TravelBlog */,
				26A9D4C125B8A6C900C1F78E /* Products */,
			);
			sourceTree = "<group>";
		};
		26A9D4C125B8A6C900C1F78E /* Products */ = {
			isa = PBXGroup;
			children = (
				26A9D4C025B8A6C900C1F78E /* TravelBlog.app */,
			);
			name = Products;
			sourceTree = "<group>";
		};
		26A9D4C225B8A6C900C1F78E /* TravelBlog */ = {
			isa = PBXGroup;
			children = (
				262AB93B25B8D71A003E77BB /* Model */,
				26A9D4C325B8A6C900C1F78E /* TravelBlogApp.swift */,
				26A9D4C525B8A6C900C1F78E /* ContentView.swift */,
				26A9D4C725B8A6CA00C1F78E /* Assets.xcassets */,
				26A9D4CC25B8A6CA00C1F78E /* Info.plist */,
				26A9D4C925B8A6CA00C1F78E /* Preview Content */,
			);
			path = TravelBlog;
			sourceTree = "<group>";
		};
		26A9D4C925B8A6CA00C1F78E /* Preview Content */ = {
			isa = PBXGroup;
			children = (
				26A9D4CA25B8A6CA00C1F78E /* Preview Assets.xcassets */,
			);
			path = "Preview Content";
			sourceTree = "<group>";
		};
/* End PBXGroup section */

/* Begin PBXNativeTarget section */
		26A9D4BF25B8A6C900C1F78E /* TravelBlog */ = {
			isa = PBXNativeTarget;
			buildConfigurationList = 26A9D4CF25B8A6CA00C1F78E /* Build configuration list for PBXNativeTarget "TravelBlog" */;
			buildPhases = (
				26A9D4BC25B8A6C900C1F78E /* Sources */,
				26A9D4BD25B8A6C900C1F78E /* Frameworks */,
				26A9D4BE25B8A6C900C1F78E /* Resources */,
			);
			buildRules = (
			);
			dependencies = (
			);
			name = TravelBlog;
			productName = TravelBlog;
			productReference = 26A9D4C025B8A6C900C1F78E /* TravelBlog.app */;
			productType = "com.apple.product-type.application";
		};
/* End PBXNativeTarget section */

/* Begin PBXProject section */
		26A9D4B825B8A6C900C1F78E /* Project object */ = {
			isa = PBXProject;
			attributes = {
				LastSwiftUpdateCheck = 1230;
				LastUpgradeCheck = 1230;
				TargetAttributes = {
					26A9D4BF25B8A6C900C1F78E = {
						CreatedOnToolsVersion = 12.3;
					};
				};
			};
			buildConfigurationList = 26A9D4BB25B8A6C900C1F78E /* Build configuration list for PBXProject "TravelBlog" */;
			compatibilityVersion = "Xcode 9.3";
			developmentRegion = en;
			hasScannedForEncodings = 0;
			knownRegions = (
				en,
				Base,
			);
			mainGroup = 26A9D4B725B8A6C900C1F78E;
			productRefGroup = 26A9D4C125B8A6C900C1F78E /* Products */;
			projectDirPath = "";
			projectRoot = "";
			targets = (
				26A9D4BF25B8A6C900C1F78E /* TravelBlog */,
			);
		};
/* End PBXProject section */

/* Begin PBXResourcesBuildPhase section */
		26A9D4BE25B8A6C900C1F78E /* Resources */ = {
			isa = PBXResourcesBuildPhase;
			buildActionMask = 2147483647;
			files = (
				26A9D4CB25B8A6CA00C1F78E /* Preview Assets.xcassets in Resources */,
				26A9D4C825B8A6CA00C1F78E /* Assets.xcassets in Resources */,
			);
			runOnlyForDeploymentPostprocessing = 0;
		};
/* End PBXResourcesBuildPhase section */

/* Begin PBXSourcesBuildPhase section */
		26A9D4BC25B8A6C900C1F78E /* Sources */ = {
			isa = PBXSourcesBuildPhase;
			buildActionMask = 2147483647;
			files = (
				26A9D4C625B8A6C900C1F78E /* ContentView.swift in Sources */,
				262AB94025B8EC08003E77BB /* PlaceModel.swift in Sources */,
				26A9D4C425B8A6C900C1F78E /* TravelBlogApp.swift in Sources */,
				262AB93D25B8D72E003E77BB /* Category.swift in Sources */,
			);
			runOnlyForDeploymentPostprocessing = 0;
		};
/* End PBXSourcesBuildPhase section */

/* Begin XCBuildConfiguration section */
		26A9D4CD25B8A6CA00C1F78E /* Debug */ = {
			isa = XCBuildConfiguration;
			buildSettings = {
				ALWAYS_SEARCH_USER_PATHS = NO;
				CLANG_ANALYZER_NONNULL = YES;
				CLANG_ANALYZER_NUMBER_OBJECT_CONVERSION = YES_AGGRESSIVE;
				CLANG_CXX_LANGUAGE_STANDARD = "gnu++14";
				CLANG_CXX_LIBRARY = "libc++";
				CLANG_ENABLE_MODULES = YES;
				CLANG_ENABLE_OBJC_ARC = YES;
				CLANG_ENABLE_OBJC_WEAK = YES;
				CLANG_WARN_BLOCK_CAPTURE_AUTORELEASING = YES;
				CLANG_WARN_BOOL_CONVERSION = YES;
				CLANG_WARN_COMMA = YES;
				CLANG_WARN_CONSTANT_CONVERSION = YES;
				CLANG_WARN_DEPRECATED_OBJC_IMPLEMENTATIONS = YES;
				CLANG_WARN_DIRECT_OBJC_ISA_USAGE = YES_ERROR;
				CLANG_WARN_DOCUMENTATION_COMMENTS = YES;
				CLANG_WARN_EMPTY_BODY = YES;
				CLANG_WARN_ENUM_CONVERSION = YES;
				CLANG_WARN_INFINITE_RECURSION = YES;
				CLANG_WARN_INT_CONVERSION = YES;
				CLANG_WARN_NON_LITERAL_NULL_CONVERSION = YES;
				CLANG_WARN_OBJC_IMPLICIT_RETAIN_SELF = YES;
				CLANG_WARN_OBJC_LITERAL_CONVERSION = YES;
				CLANG_WARN_OBJC_ROOT_CLASS = YES_ERROR;
				CLANG_WARN_QUOTED_INCLUDE_IN_FRAMEWORK_HEADER = YES;
				CLANG_WARN_RANGE_LOOP_ANALYSIS = YES;
				CLANG_WARN_STRICT_PROTOTYPES = YES;
				CLANG_WARN_SUSPICIOUS_MOVE = YES;
				CLANG_WARN_UNGUARDED_AVAILABILITY = YES_AGGRESSIVE;
				CLANG_WARN_UNREACHABLE_CODE = YES;
				CLANG_WARN__DUPLICATE_METHOD_MATCH = YES;
				COPY_PHASE_STRIP = NO;
				DEBUG_INFORMATION_FORMAT = dwarf;
				ENABLE_STRICT_OBJC_MSGSEND = YES;
				ENABLE_TESTABILITY = YES;
				GCC_C_LANGUAGE_STANDARD = gnu11;
				GCC_DYNAMIC_NO_PIC = NO;
				GCC_NO_COMMON_BLOCKS = YES;
				GCC_OPTIMIZATION_LEVEL = 0;
				GCC_PREPROCESSOR_DEFINITIONS = (
					"DEBUG=1",
					"$(inherited)",
				);
				GCC_WARN_64_TO_32_BIT_CONVERSION = YES;
				GCC_WARN_ABOUT_RETURN_TYPE = YES_ERROR;
				GCC_WARN_UNDECLARED_SELECTOR = YES;
				GCC_WARN_UNINITIALIZED_AUTOS = YES_AGGRESSIVE;
				GCC_WARN_UNUSED_FUNCTION = YES;
				GCC_WARN_UNUSED_VARIABLE = YES;
				IPHONEOS_DEPLOYMENT_TARGET = 14.3;
				MTL_ENABLE_DEBUG_INFO = INCLUDE_SOURCE;
				MTL_FAST_MATH = YES;
				ONLY_ACTIVE_ARCH = YES;
				SDKROOT = iphoneos;
				SWIFT_ACTIVE_COMPILATION_CONDITIONS = DEBUG;
				SWIFT_OPTIMIZATION_LEVEL = "-Onone";
			};
			name = Debug;
		};
		26A9D4CE25B8A6CA00C1F78E /* Release */ = {
			isa = XCBuildConfiguration;
			buildSettings = {
				ALWAYS_SEARCH_USER_PATHS = NO;
				CLANG_ANALYZER_NONNULL = YES;
				CLANG_ANALYZER_NUMBER_OBJECT_CONVERSION = YES_AGGRESSIVE;
				CLANG_CXX_LANGUAGE_STANDARD = "gnu++14";
				CLANG_CXX_LIBRARY = "libc++";
				CLANG_ENABLE_MODULES = YES;
				CLANG_ENABLE_OBJC_ARC = YES;
				CLANG_ENABLE_OBJC_WEAK = YES;
				CLANG_WARN_BLOCK_CAPTURE_AUTORELEASING = YES;
				CLANG_WARN_BOOL_CONVERSION = YES;
				CLANG_WARN_COMMA = YES;
				CLANG_WARN_CONSTANT_CONVERSION = YES;
				CLANG_WARN_DEPRECATED_OBJC_IMPLEMENTATIONS = YES;
				CLANG_WARN_DIRECT_OBJC_ISA_USAGE = YES_ERROR;
				CLANG_WARN_DOCUMENTATION_COMMENTS = YES;
				CLANG_WARN_EMPTY_BODY = YES;
				CLANG_WARN_ENUM_CONVERSION = YES;
				CLANG_WARN_INFINITE_RECURSION = YES;
				CLANG_WARN_INT_CONVERSION = YES;
				CLANG_WARN_NON_LITERAL_NULL_CONVERSION = YES;
				CLANG_WARN_OBJC_IMPLICIT_RETAIN_SELF = YES;
				CLANG_WARN_OBJC_LITERAL_CONVERSION = YES;
				CLANG_WARN_OBJC_ROOT_CLASS = YES_ERROR;
				CLANG_WARN_QUOTED_INCLUDE_IN_FRAMEWORK_HEADER = YES;
				CLANG_WARN_RANGE_LOOP_ANALYSIS = YES;
				CLANG_WARN_STRICT_PROTOTYPES = YES;
				CLANG_WARN_SUSPICIOUS_MOVE = YES;
				CLANG_WARN_UNGUARDED_AVAILABILITY = YES_AGGRESSIVE;
				CLANG_WARN_UNREACHABLE_CODE = YES;
				CLANG_WARN__DUPLICATE_METHOD_MATCH = YES;
				COPY_PHASE_STRIP = NO;
				DEBUG_INFORMATION_FORMAT = "dwarf-with-dsym";
				ENABLE_NS_ASSERTIONS = NO;
				ENABLE_STRICT_OBJC_MSGSEND = YES;
				GCC_C_LANGUAGE_STANDARD = gnu11;
				GCC_NO_COMMON_BLOCKS = YES;
				GCC_WARN_64_TO_32_BIT_CONVERSION = YES;
				GCC_WARN_ABOUT_RETURN_TYPE = YES_ERROR;
				GCC_WARN_UNDECLARED_SELECTOR = YES;
				GCC_WARN_UNINITIALIZED_AUTOS = YES_AGGRESSIVE;
				GCC_WARN_UNUSED_FUNCTION = YES;
				GCC_WARN_UNUSED_VARIABLE = YES;
				IPHONEOS_DEPLOYMENT_TARGET = 14.3;
				MTL_ENABLE_DEBUG_INFO = NO;
				MTL_FAST_MATH = YES;
				SDKROOT = iphoneos;
				SWIFT_COMPILATION_MODE = wholemodule;
				SWIFT_OPTIMIZATION_LEVEL = "-O";
				VALIDATE_PRODUCT = YES;
			};
			name = Release;
		};
		26A9D4D025B8A6CA00C1F78E /* Debug */ = {
			isa = XCBuildConfiguration;
			buildSettings = {
				ASSETCATALOG_COMPILER_APPICON_NAME = AppIcon;
				ASSETCATALOG_COMPILER_GLOBAL_ACCENT_COLOR_NAME = AccentColor;
				CODE_SIGN_STYLE = Automatic;
				DEVELOPMENT_ASSET_PATHS = "\"TravelBlog/Preview Content\"";
				DEVELOPMENT_TEAM = 6D6XU3X587;
				ENABLE_PREVIEWS = YES;
				INFOPLIST_FILE = TravelBlog/Info.plist;
				IPHONEOS_DEPLOYMENT_TARGET = 14.0;
				LD_RUNPATH_SEARCH_PATHS = (
					"$(inherited)",
					"@executable_path/Frameworks",
				);
				PRODUCT_BUNDLE_IDENTIFIER = TkachHome.TravelBlog;
				PRODUCT_NAME = "$(TARGET_NAME)";
				SWIFT_VERSION = 5.0;
				TARGETED_DEVICE_FAMILY = "1,2";
			};
			name = Debug;
		};
		26A9D4D125B8A6CA00C1F78E /* Release */ = {
			isa = XCBuildConfiguration;
			buildSettings = {
				ASSETCATALOG_COMPILER_APPICON_NAME = AppIcon;
				ASSETCATALOG_COMPILER_GLOBAL_ACCENT_COLOR_NAME = AccentColor;
				CODE_SIGN_STYLE = Automatic;
				DEVELOPMENT_ASSET_PATHS = "\"TravelBlog/Preview Content\"";
				DEVELOPMENT_TEAM = 6D6XU3X587;
				ENABLE_PREVIEWS = YES;
				INFOPLIST_FILE = TravelBlog/Info.plist;
				IPHONEOS_DEPLOYMENT_TARGET = 14.0;
				LD_RUNPATH_SEARCH_PATHS = (
					"$(inherited)",
					"@executable_path/Frameworks",
				);
				PRODUCT_BUNDLE_IDENTIFIER = TkachHome.TravelBlog;
				PRODUCT_NAME = "$(TARGET_NAME)";
				SWIFT_VERSION = 5.0;
				TARGETED_DEVICE_FAMILY = "1,2";
			};
			name = Release;
		};
/* End XCBuildConfiguration section */

/* Begin XCConfigurationList section */
		26A9D4BB25B8A6C900C1F78E /* Build configuration list for PBXProject "TravelBlog" */ = {
			isa = XCConfigurationList;
			buildConfigurations = (
				26A9D4CD25B8A6CA00C1F78E /* Debug */,
				26A9D4CE25B8A6CA00C1F78E /* Release */,
			);
			defaultConfigurationIsVisible = 0;
			defaultConfigurationName = Release;
		};
		26A9D4CF25B8A6CA00C1F78E /* Build configuration list for PBXNativeTarget "TravelBlog" */ = {
			isa = XCConfigurationList;
			buildConfigurations = (
				26A9D4D025B8A6CA00C1F78E /* Debug */,
				26A9D4D125B8A6CA00C1F78E /* Release */,
			);
			defaultConfigurationIsVisible = 0;
			defaultConfigurationName = Release;
		};
/* End XCConfigurationList section */
	};
	rootObject = 26A9D4B825B8A6C900C1F78E /* Project object */;
}
