// !$*UTF8*$!
{
	archiveVersion = 1;
	classes = {
	};
	objectVersion = 52;
	objects = {

/* Begin PBXBuildFile section */
		262408B325BDAB2800F1DE06 /* CustomPageViewController() .swift in Sources */ = {isa = PBXBuildFile; fileRef = 262408B225BDAB2800F1DE06 /* CustomPageViewController() .swift */; };
		262408B625BDB96A00F1DE06 /* CountryImages.swift in Sources */ = {isa = PBXBuildFile; fileRef = 262408B525BDB96A00F1DE06 /* CountryImages.swift */; };
		262AB93D25B8D72E003E77BB /* Category.swift in Sources */ = {isa = PBXBuildFile; fileRef = 262AB93C25B8D72E003E77BB /* Category.swift */; };
		262AB94025B8EC08003E77BB /* PlaceModel.swift in Sources */ = {isa = PBXBuildFile; fileRef = 262AB93F25B8EC08003E77BB /* PlaceModel.swift */; };
		2673820725BC2D86003B876F /* NavigationLazyView.swift in Sources */ = {isa = PBXBuildFile; fileRef = 2673820625BC2D86003B876F /* NavigationLazyView.swift */; };
		2673820B25BC3D99003B876F /* LoremIpsum.swift in Sources */ = {isa = PBXBuildFile; fileRef = 2673820A25BC3D99003B876F /* LoremIpsum.swift */; };
		2673820E25BC42D8003B876F /* PopularDestinationDetailView.swift in Sources */ = {isa = PBXBuildFile; fileRef = 2673820D25BC42D8003B876F /* PopularDestinationDetailView.swift */; };
		2673821225BC66B4003B876F /* MapAttractionModel.swift in Sources */ = {isa = PBXBuildFile; fileRef = 2673821125BC66B4003B876F /* MapAttractionModel.swift */; };
		2676757625B98FAB00C4ED98 /* RestaurantModel.swift in Sources */ = {isa = PBXBuildFile; fileRef = 2676757525B98FAB00C4ED98 /* RestaurantModel.swift */; };
		267BA77925BEAFEB005145FC /* CountryAbout.swift in Sources */ = {isa = PBXBuildFile; fileRef = 267BA77825BEAFEB005145FC /* CountryAbout.swift */; };
		267C157725BB06A100502EE3 /* TrendingCreatorsModel.swift in Sources */ = {isa = PBXBuildFile; fileRef = 267C157625BB06A100502EE3 /* TrendingCreatorsModel.swift */; };
		267DF9F025BDA10900953489 /* DestinationHeaderContainer.swift in Sources */ = {isa = PBXBuildFile; fileRef = 267DF9EF25BDA10900953489 /* DestinationHeaderContainer.swift */; };
		26A5800525BB2C8B00D5A01E /* PopularDestinationView.swift in Sources */ = {isa = PBXBuildFile; fileRef = 26A5800425BB2C8B00D5A01E /* PopularDestinationView.swift */; };
		26A5800925BB32E500D5A01E /* PopularPlacesToEatView.swift in Sources */ = {isa = PBXBuildFile; fileRef = 26A5800825BB32E500D5A01E /* PopularPlacesToEatView.swift */; };
		26A5800C25BB330D00D5A01E /* TrendingCreatorsView.swift in Sources */ = {isa = PBXBuildFile; fileRef = 26A5800B25BB330D00D5A01E /* TrendingCreatorsView.swift */; };
		26A5801125BB33D900D5A01E /* DiscoverCategorisView.swift in Sources */ = {isa = PBXBuildFile; fileRef = 26A5801025BB33D900D5A01E /* DiscoverCategorisView.swift */; };
		26A5801625BB379B00D5A01E /* TileModifier.swift in Sources */ = {isa = PBXBuildFile; fileRef = 26A5801525BB379B00D5A01E /* TileModifier.swift */; };
		26A5801A25BB38A100D5A01E /* Color + Extensions.swift in Sources */ = {isa = PBXBuildFile; fileRef = 26A5801925BB38A100D5A01E /* Color + Extensions.swift */; };
		26A5802025BB9DEB00D5A01E /* ArtModel.swift in Sources */ = {isa = PBXBuildFile; fileRef = 26A5801F25BB9DEB00D5A01E /* ArtModel.swift */; };
		26A5802425BBA47400D5A01E /* Kingfisher in Frameworks */ = {isa = PBXBuildFile; productRef = 26A5802325BBA47400D5A01E /* Kingfisher */; };
		26A5802D25BBA71600D5A01E /* CategoryDetailsView.swift in Sources */ = {isa = PBXBuildFile; fileRef = 26A5802C25BBA71600D5A01E /* CategoryDetailsView.swift */; };
		26A5803125BBA81600D5A01E /* CategoryDetailsViewModel.swift in Sources */ = {isa = PBXBuildFile; fileRef = 26A5803025BBA81600D5A01E /* CategoryDetailsViewModel.swift */; };
		26A9D4C425B8A6C900C1F78E /* TravelBlogApp.swift in Sources */ = {isa = PBXBuildFile; fileRef = 26A9D4C325B8A6C900C1F78E /* TravelBlogApp.swift */; };
		26A9D4C625B8A6C900C1F78E /* AroundTheWorldView.swift in Sources */ = {isa = PBXBuildFile; fileRef = 26A9D4C525B8A6C900C1F78E /* AroundTheWorldView.swift */; };
		26A9D4C825B8A6CA00C1F78E /* Assets.xcassets in Resources */ = {isa = PBXBuildFile; fileRef = 26A9D4C725B8A6CA00C1F78E /* Assets.xcassets */; };
		26A9D4CB25B8A6CA00C1F78E /* Preview Assets.xcassets in Resources */ = {isa = PBXBuildFile; fileRef = 26A9D4CA25B8A6CA00C1F78E /* Preview Assets.xcassets */; };
/* End PBXBuildFile section */

/* Begin PBXFileReference section */
		262408B225BDAB2800F1DE06 /* CustomPageViewController() .swift */ = {isa = PBXFileReference; lastKnownFileType = sourcecode.swift; path = "CustomPageViewController() .swift"; sourceTree = "<group>"; };
		262408B525BDB96A00F1DE06 /* CountryImages.swift */ = {isa = PBXFileReference; lastKnownFileType = sourcecode.swift; path = CountryImages.swift; sourceTree = "<group>"; };
		262AB93C25B8D72E003E77BB /* Category.swift */ = {isa = PBXFileReference; lastKnownFileType = sourcecode.swift; path = Category.swift; sourceTree = "<group>"; };
		262AB93F25B8EC08003E77BB /* PlaceModel.swift */ = {isa = PBXFileReference; lastKnownFileType = sourcecode.swift; path = PlaceModel.swift; sourceTree = "<group>"; };
		2673820625BC2D86003B876F /* NavigationLazyView.swift */ = {isa = PBXFileReference; lastKnownFileType = sourcecode.swift; path = NavigationLazyView.swift; sourceTree = "<group>"; };
		2673820A25BC3D99003B876F /* LoremIpsum.swift */ = {isa = PBXFileReference; lastKnownFileType = sourcecode.swift; path = LoremIpsum.swift; sourceTree = "<group>"; };
		2673820D25BC42D8003B876F /* PopularDestinationDetailView.swift */ = {isa = PBXFileReference; lastKnownFileType = sourcecode.swift; path = PopularDestinationDetailView.swift; sourceTree = "<group>"; };
		2673821125BC66B4003B876F /* MapAttractionModel.swift */ = {isa = PBXFileReference; lastKnownFileType = sourcecode.swift; path = MapAttractionModel.swift; sourceTree = "<group>"; };
		2676757525B98FAB00C4ED98 /* RestaurantModel.swift */ = {isa = PBXFileReference; lastKnownFileType = sourcecode.swift; path = RestaurantModel.swift; sourceTree = "<group>"; };
		267BA77825BEAFEB005145FC /* CountryAbout.swift */ = {isa = PBXFileReference; lastKnownFileType = sourcecode.swift; path = CountryAbout.swift; sourceTree = "<group>"; };
		267C157625BB06A100502EE3 /* TrendingCreatorsModel.swift */ = {isa = PBXFileReference; lastKnownFileType = sourcecode.swift; path = TrendingCreatorsModel.swift; sourceTree = "<group>"; };
		267DF9EF25BDA10900953489 /* DestinationHeaderContainer.swift */ = {isa = PBXFileReference; lastKnownFileType = sourcecode.swift; path = DestinationHeaderContainer.swift; sourceTree = "<group>"; };
		26A5800425BB2C8B00D5A01E /* PopularDestinationView.swift */ = {isa = PBXFileReference; lastKnownFileType = sourcecode.swift; path = PopularDestinationView.swift; sourceTree = "<group>"; };
		26A5800825BB32E500D5A01E /* PopularPlacesToEatView.swift */ = {isa = PBXFileReference; lastKnownFileType = sourcecode.swift; path = PopularPlacesToEatView.swift; sourceTree = "<group>"; };
		26A5800B25BB330D00D5A01E /* TrendingCreatorsView.swift */ = {isa = PBXFileReference; lastKnownFileType = sourcecode.swift; path = TrendingCreatorsView.swift; sourceTree = "<group>"; };
		26A5801025BB33D900D5A01E /* DiscoverCategorisView.swift */ = {isa = PBXFileReference; lastKnownFileType = sourcecode.swift; path = DiscoverCategorisView.swift; sourceTree = "<group>"; };
		26A5801525BB379B00D5A01E /* TileModifier.swift */ = {isa = PBXFileReference; lastKnownFileType = sourcecode.swift; path = TileModifier.swift; sourceTree = "<group>"; };
		26A5801925BB38A100D5A01E /* Color + Extensions.swift */ = {isa = PBXFileReference; lastKnownFileType = sourcecode.swift; path = "Color + Extensions.swift"; sourceTree = "<group>"; };
		26A5801F25BB9DEB00D5A01E /* ArtModel.swift */ = {isa = PBXFileReference; lastKnownFileType = sourcecode.swift; path = ArtModel.swift; sourceTree = "<group>"; };
		26A5802C25BBA71600D5A01E /* CategoryDetailsView.swift */ = {isa = PBXFileReference; lastKnownFileType = sourcecode.swift; path = CategoryDetailsView.swift; sourceTree = "<group>"; };
		26A5803025BBA81600D5A01E /* CategoryDetailsViewModel.swift */ = {isa = PBXFileReference; lastKnownFileType = sourcecode.swift; path = CategoryDetailsViewModel.swift; sourceTree = "<group>"; };
		26A9D4C025B8A6C900C1F78E /* TravelBlog.app */ = {isa = PBXFileReference; explicitFileType = wrapper.application; includeInIndex = 0; path = TravelBlog.app; sourceTree = BUILT_PRODUCTS_DIR; };
		26A9D4C325B8A6C900C1F78E /* TravelBlogApp.swift */ = {isa = PBXFileReference; lastKnownFileType = sourcecode.swift; path = TravelBlogApp.swift; sourceTree = "<group>"; };
		26A9D4C525B8A6C900C1F78E /* AroundTheWorldView.swift */ = {isa = PBXFileReference; lastKnownFileType = sourcecode.swift; path = AroundTheWorldView.swift; sourceTree = "<group>"; };
		26A9D4C725B8A6CA00C1F78E /* Assets.xcassets */ = {isa = PBXFileReference; lastKnownFileType = folder.assetcatalog; path = Assets.xcassets; sourceTree = "<group>"; };
		26A9D4CA25B8A6CA00C1F78E /* Preview Assets.xcassets */ = {isa = PBXFileReference; lastKnownFileType = folder.assetcatalog; path = "Preview Assets.xcassets"; sourceTree = "<group>"; };
		26A9D4CC25B8A6CA00C1F78E /* Info.plist */ = {isa = PBXFileReference; lastKnownFileType = text.plist.xml; path = Info.plist; sourceTree = "<group>"; };
/* End PBXFileReference section */

/* Begin PBXFrameworksBuildPhase section */
		26A9D4BD25B8A6C900C1F78E /* Frameworks */ = {
			isa = PBXFrameworksBuildPhase;
			buildActionMask = 2147483647;
			files = (
				26A5802425BBA47400D5A01E /* Kingfisher in Frameworks */,
			);
			runOnlyForDeploymentPostprocessing = 0;
		};
/* End PBXFrameworksBuildPhase section */

/* Begin PBXGroup section */
		262AB93B25B8D71A003E77BB /* Models */ = {
			isa = PBXGroup;
			children = (
				26A5801E25BB9DC400D5A01E /* DetailsModel */,
				26A5801C25BB9D9E00D5A01E /* AroundTheWorldModel */,
			);
			path = Models;
			sourceTree = "<group>";
		};
		267DF9F225BDA13800953489 /* Destination */ = {
			isa = PBXGroup;
			children = (
				2673820D25BC42D8003B876F /* PopularDestinationDetailView.swift */,
				267DF9EF25BDA10900953489 /* DestinationHeaderContainer.swift */,
				262408B225BDAB2800F1DE06 /* CustomPageViewController() .swift */,
			);
			path = Destination;
			sourceTree = "<group>";
		};
		26A5801425BB378400D5A01E /* Utility */ = {
			isa = PBXGroup;
			children = (
				26A5801525BB379B00D5A01E /* TileModifier.swift */,
				26A5801925BB38A100D5A01E /* Color + Extensions.swift */,
				2673820625BC2D86003B876F /* NavigationLazyView.swift */,
				2673820A25BC3D99003B876F /* LoremIpsum.swift */,
			);
			path = Utility;
			sourceTree = "<group>";
		};
		26A5801C25BB9D9E00D5A01E /* AroundTheWorldModel */ = {
			isa = PBXGroup;
			children = (
				262AB93C25B8D72E003E77BB /* Category.swift */,
				262AB93F25B8EC08003E77BB /* PlaceModel.swift */,
				2676757525B98FAB00C4ED98 /* RestaurantModel.swift */,
				267C157625BB06A100502EE3 /* TrendingCreatorsModel.swift */,
			);
			path = AroundTheWorldModel;
			sourceTree = "<group>";
		};
		26A5801E25BB9DC400D5A01E /* DetailsModel */ = {
			isa = PBXGroup;
			children = (
				26A5801F25BB9DEB00D5A01E /* ArtModel.swift */,
				2673821125BC66B4003B876F /* MapAttractionModel.swift */,
				262408B525BDB96A00F1DE06 /* CountryImages.swift */,
				267BA77825BEAFEB005145FC /* CountryAbout.swift */,
			);
			path = DetailsModel;
			sourceTree = "<group>";
		};
		26A5802625BBA6E500D5A01E /* Category */ = {
			isa = PBXGroup;
			children = (
				267DF9F225BDA13800953489 /* Destination */,
				26A5802C25BBA71600D5A01E /* CategoryDetailsView.swift */,
			);
			path = Category;
			sourceTree = "<group>";
		};
		26A5802F25BBA80100D5A01E /* ViewModels */ = {
			isa = PBXGroup;
			children = (
				26A5803025BBA81600D5A01E /* CategoryDetailsViewModel.swift */,
			);
			path = ViewModels;
			sourceTree = "<group>";
		};
		26A5803925BBBAC700D5A01E /* AroundTheWorld */ = {
			isa = PBXGroup;
			children = (
				26A9D4C525B8A6C900C1F78E /* AroundTheWorldView.swift */,
				26A5800425BB2C8B00D5A01E /* PopularDestinationView.swift */,
				26A5800825BB32E500D5A01E /* PopularPlacesToEatView.swift */,
				26A5800B25BB330D00D5A01E /* TrendingCreatorsView.swift */,
				26A5801025BB33D900D5A01E /* DiscoverCategorisView.swift */,
			);
			path = AroundTheWorld;
			sourceTree = "<group>";
		};
		26A9D4B725B8A6C900C1F78E = {
			isa = PBXGroup;
			children = (
				26A9D4C225B8A6C900C1F78E /* TravelBlog */,
				26A9D4C125B8A6C900C1F78E /* Products */,
			);
			sourceTree = "<group>";
		};
		26A9D4C125B8A6C900C1F78E /* Products */ = {
			isa = PBXGroup;
			children = (
				26A9D4C025B8A6C900C1F78E /* TravelBlog.app */,
			);
			name = Products;
			sourceTree = "<group>";
		};
		26A9D4C225B8A6C900C1F78E /* TravelBlog */ = {
			isa = PBXGroup;
			children = (
				26A5802F25BBA80100D5A01E /* ViewModels */,
				26A5801425BB378400D5A01E /* Utility */,
				26DA805425BB2B2500D869E2 /* Views */,
				262AB93B25B8D71A003E77BB /* Models */,
				26A9D4C325B8A6C900C1F78E /* TravelBlogApp.swift */,
				26A9D4C725B8A6CA00C1F78E /* Assets.xcassets */,
				26A9D4CC25B8A6CA00C1F78E /* Info.plist */,
				26A9D4C925B8A6CA00C1F78E /* Preview Content */,
			);
			path = TravelBlog;
			sourceTree = "<group>";
		};
		26A9D4C925B8A6CA00C1F78E /* Preview Content */ = {
			isa = PBXGroup;
			children = (
				26A9D4CA25B8A6CA00C1F78E /* Preview Assets.xcassets */,
			);
			path = "Preview Content";
			sourceTree = "<group>";
		};
		26DA805425BB2B2500D869E2 /* Views */ = {
			isa = PBXGroup;
			children = (
				26A5803925BBBAC700D5A01E /* AroundTheWorld */,
				26A5802625BBA6E500D5A01E /* Category */,
			);
			path = Views;
			sourceTree = "<group>";
		};
/* End PBXGroup section */

/* Begin PBXNativeTarget section */
		26A9D4BF25B8A6C900C1F78E /* TravelBlog */ = {
			isa = PBXNativeTarget;
			buildConfigurationList = 26A9D4CF25B8A6CA00C1F78E /* Build configuration list for PBXNativeTarget "TravelBlog" */;
			buildPhases = (
				26A9D4BC25B8A6C900C1F78E /* Sources */,
				26A9D4BD25B8A6C900C1F78E /* Frameworks */,
				26A9D4BE25B8A6C900C1F78E /* Resources */,
			);
			buildRules = (
			);
			dependencies = (
			);
			name = TravelBlog;
			packageProductDependencies = (
				26A5802325BBA47400D5A01E /* Kingfisher */,
			);
			productName = TravelBlog;
			productReference = 26A9D4C025B8A6C900C1F78E /* TravelBlog.app */;
			productType = "com.apple.product-type.application";
		};
/* End PBXNativeTarget section */

/* Begin PBXProject section */
		26A9D4B825B8A6C900C1F78E /* Project object */ = {
			isa = PBXProject;
			attributes = {
				LastSwiftUpdateCheck = 1230;
				LastUpgradeCheck = 1230;
				TargetAttributes = {
					26A9D4BF25B8A6C900C1F78E = {
						CreatedOnToolsVersion = 12.3;
					};
				};
			};
			buildConfigurationList = 26A9D4BB25B8A6C900C1F78E /* Build configuration list for PBXProject "TravelBlog" */;
			compatibilityVersion = "Xcode 9.3";
			developmentRegion = en;
			hasScannedForEncodings = 0;
			knownRegions = (
				en,
				Base,
			);
			mainGroup = 26A9D4B725B8A6C900C1F78E;
			packageReferences = (
				26A5802225BBA47400D5A01E /* XCRemoteSwiftPackageReference "Kingfisher" */,
			);
			productRefGroup = 26A9D4C125B8A6C900C1F78E /* Products */;
			projectDirPath = "";
			projectRoot = "";
			targets = (
				26A9D4BF25B8A6C900C1F78E /* TravelBlog */,
			);
		};
/* End PBXProject section */

/* Begin PBXResourcesBuildPhase section */
		26A9D4BE25B8A6C900C1F78E /* Resources */ = {
			isa = PBXResourcesBuildPhase;
			buildActionMask = 2147483647;
			files = (
				26A9D4CB25B8A6CA00C1F78E /* Preview Assets.xcassets in Resources */,
				26A9D4C825B8A6CA00C1F78E /* Assets.xcassets in Resources */,
			);
			runOnlyForDeploymentPostprocessing = 0;
		};
/* End PBXResourcesBuildPhase section */

/* Begin PBXSourcesBuildPhase section */
		26A9D4BC25B8A6C900C1F78E /* Sources */ = {
			isa = PBXSourcesBuildPhase;
			buildActionMask = 2147483647;
			files = (
				267BA77925BEAFEB005145FC /* CountryAbout.swift in Sources */,
				26A9D4C625B8A6C900C1F78E /* AroundTheWorldView.swift in Sources */,
				26A5802025BB9DEB00D5A01E /* ArtModel.swift in Sources */,
				26A5801625BB379B00D5A01E /* TileModifier.swift in Sources */,
				26A5802D25BBA71600D5A01E /* CategoryDetailsView.swift in Sources */,
				262AB94025B8EC08003E77BB /* PlaceModel.swift in Sources */,
				262408B325BDAB2800F1DE06 /* CustomPageViewController() .swift in Sources */,
				26A5800525BB2C8B00D5A01E /* PopularDestinationView.swift in Sources */,
				26A5800925BB32E500D5A01E /* PopularPlacesToEatView.swift in Sources */,
				26A5800C25BB330D00D5A01E /* TrendingCreatorsView.swift in Sources */,
				262408B625BDB96A00F1DE06 /* CountryImages.swift in Sources */,
				26A9D4C425B8A6C900C1F78E /* TravelBlogApp.swift in Sources */,
				262AB93D25B8D72E003E77BB /* Category.swift in Sources */,
				267DF9F025BDA10900953489 /* DestinationHeaderContainer.swift in Sources */,
				26A5803125BBA81600D5A01E /* CategoryDetailsViewModel.swift in Sources */,
				2676757625B98FAB00C4ED98 /* RestaurantModel.swift in Sources */,
				2673821225BC66B4003B876F /* MapAttractionModel.swift in Sources */,
				26A5801A25BB38A100D5A01E /* Color + Extensions.swift in Sources */,
				2673820725BC2D86003B876F /* NavigationLazyView.swift in Sources */,
				2673820E25BC42D8003B876F /* PopularDestinationDetailView.swift in Sources */,
				2673820B25BC3D99003B876F /* LoremIpsum.swift in Sources */,
				267C157725BB06A100502EE3 /* TrendingCreatorsModel.swift in Sources */,
				26A5801125BB33D900D5A01E /* DiscoverCategorisView.swift in Sources */,
			);
			runOnlyForDeploymentPostprocessing = 0;
		};
/* End PBXSourcesBuildPhase section */

/* Begin XCBuildConfiguration section */
		26A9D4CD25B8A6CA00C1F78E /* Debug */ = {
			isa = XCBuildConfiguration;
			buildSettings = {
				ALWAYS_SEARCH_USER_PATHS = NO;
				CLANG_ANALYZER_NONNULL = YES;
				CLANG_ANALYZER_NUMBER_OBJECT_CONVERSION = YES_AGGRESSIVE;
				CLANG_CXX_LANGUAGE_STANDARD = "gnu++14";
				CLANG_CXX_LIBRARY = "libc++";
				CLANG_ENABLE_MODULES = YES;
				CLANG_ENABLE_OBJC_ARC = YES;
				CLANG_ENABLE_OBJC_WEAK = YES;
				CLANG_WARN_BLOCK_CAPTURE_AUTORELEASING = YES;
				CLANG_WARN_BOOL_CONVERSION = YES;
				CLANG_WARN_COMMA = YES;
				CLANG_WARN_CONSTANT_CONVERSION = YES;
				CLANG_WARN_DEPRECATED_OBJC_IMPLEMENTATIONS = YES;
				CLANG_WARN_DIRECT_OBJC_ISA_USAGE = YES_ERROR;
				CLANG_WARN_DOCUMENTATION_COMMENTS = YES;
				CLANG_WARN_EMPTY_BODY = YES;
				CLANG_WARN_ENUM_CONVERSION = YES;
				CLANG_WARN_INFINITE_RECURSION = YES;
				CLANG_WARN_INT_CONVERSION = YES;
				CLANG_WARN_NON_LITERAL_NULL_CONVERSION = YES;
				CLANG_WARN_OBJC_IMPLICIT_RETAIN_SELF = YES;
				CLANG_WARN_OBJC_LITERAL_CONVERSION = YES;
				CLANG_WARN_OBJC_ROOT_CLASS = YES_ERROR;
				CLANG_WARN_QUOTED_INCLUDE_IN_FRAMEWORK_HEADER = YES;
				CLANG_WARN_RANGE_LOOP_ANALYSIS = YES;
				CLANG_WARN_STRICT_PROTOTYPES = YES;
				CLANG_WARN_SUSPICIOUS_MOVE = YES;
				CLANG_WARN_UNGUARDED_AVAILABILITY = YES_AGGRESSIVE;
				CLANG_WARN_UNREACHABLE_CODE = YES;
				CLANG_WARN__DUPLICATE_METHOD_MATCH = YES;
				COPY_PHASE_STRIP = NO;
				DEBUG_INFORMATION_FORMAT = dwarf;
				ENABLE_STRICT_OBJC_MSGSEND = YES;
				ENABLE_TESTABILITY = YES;
				GCC_C_LANGUAGE_STANDARD = gnu11;
				GCC_DYNAMIC_NO_PIC = NO;
				GCC_NO_COMMON_BLOCKS = YES;
				GCC_OPTIMIZATION_LEVEL = 0;
				GCC_PREPROCESSOR_DEFINITIONS = (
					"DEBUG=1",
					"$(inherited)",
				);
				GCC_WARN_64_TO_32_BIT_CONVERSION = YES;
				GCC_WARN_ABOUT_RETURN_TYPE = YES_ERROR;
				GCC_WARN_UNDECLARED_SELECTOR = YES;
				GCC_WARN_UNINITIALIZED_AUTOS = YES_AGGRESSIVE;
				GCC_WARN_UNUSED_FUNCTION = YES;
				GCC_WARN_UNUSED_VARIABLE = YES;
				IPHONEOS_DEPLOYMENT_TARGET = 14.3;
				MTL_ENABLE_DEBUG_INFO = INCLUDE_SOURCE;
				MTL_FAST_MATH = YES;
				ONLY_ACTIVE_ARCH = YES;
				SDKROOT = iphoneos;
				SWIFT_ACTIVE_COMPILATION_CONDITIONS = DEBUG;
				SWIFT_OPTIMIZATION_LEVEL = "-Onone";
			};
			name = Debug;
		};
		26A9D4CE25B8A6CA00C1F78E /* Release */ = {
			isa = XCBuildConfiguration;
			buildSettings = {
				ALWAYS_SEARCH_USER_PATHS = NO;
				CLANG_ANALYZER_NONNULL = YES;
				CLANG_ANALYZER_NUMBER_OBJECT_CONVERSION = YES_AGGRESSIVE;
				CLANG_CXX_LANGUAGE_STANDARD = "gnu++14";
				CLANG_CXX_LIBRARY = "libc++";
				CLANG_ENABLE_MODULES = YES;
				CLANG_ENABLE_OBJC_ARC = YES;
				CLANG_ENABLE_OBJC_WEAK = YES;
				CLANG_WARN_BLOCK_CAPTURE_AUTORELEASING = YES;
				CLANG_WARN_BOOL_CONVERSION = YES;
				CLANG_WARN_COMMA = YES;
				CLANG_WARN_CONSTANT_CONVERSION = YES;
				CLANG_WARN_DEPRECATED_OBJC_IMPLEMENTATIONS = YES;
				CLANG_WARN_DIRECT_OBJC_ISA_USAGE = YES_ERROR;
				CLANG_WARN_DOCUMENTATION_COMMENTS = YES;
				CLANG_WARN_EMPTY_BODY = YES;
				CLANG_WARN_ENUM_CONVERSION = YES;
				CLANG_WARN_INFINITE_RECURSION = YES;
				CLANG_WARN_INT_CONVERSION = YES;
				CLANG_WARN_NON_LITERAL_NULL_CONVERSION = YES;
				CLANG_WARN_OBJC_IMPLICIT_RETAIN_SELF = YES;
				CLANG_WARN_OBJC_LITERAL_CONVERSION = YES;
				CLANG_WARN_OBJC_ROOT_CLASS = YES_ERROR;
				CLANG_WARN_QUOTED_INCLUDE_IN_FRAMEWORK_HEADER = YES;
				CLANG_WARN_RANGE_LOOP_ANALYSIS = YES;
				CLANG_WARN_STRICT_PROTOTYPES = YES;
				CLANG_WARN_SUSPICIOUS_MOVE = YES;
				CLANG_WARN_UNGUARDED_AVAILABILITY = YES_AGGRESSIVE;
				CLANG_WARN_UNREACHABLE_CODE = YES;
				CLANG_WARN__DUPLICATE_METHOD_MATCH = YES;
				COPY_PHASE_STRIP = NO;
				DEBUG_INFORMATION_FORMAT = "dwarf-with-dsym";
				ENABLE_NS_ASSERTIONS = NO;
				ENABLE_STRICT_OBJC_MSGSEND = YES;
				GCC_C_LANGUAGE_STANDARD = gnu11;
				GCC_NO_COMMON_BLOCKS = YES;
				GCC_WARN_64_TO_32_BIT_CONVERSION = YES;
				GCC_WARN_ABOUT_RETURN_TYPE = YES_ERROR;
				GCC_WARN_UNDECLARED_SELECTOR = YES;
				GCC_WARN_UNINITIALIZED_AUTOS = YES_AGGRESSIVE;
				GCC_WARN_UNUSED_FUNCTION = YES;
				GCC_WARN_UNUSED_VARIABLE = YES;
				IPHONEOS_DEPLOYMENT_TARGET = 14.3;
				MTL_ENABLE_DEBUG_INFO = NO;
				MTL_FAST_MATH = YES;
				SDKROOT = iphoneos;
				SWIFT_COMPILATION_MODE = wholemodule;
				SWIFT_OPTIMIZATION_LEVEL = "-O";
				VALIDATE_PRODUCT = YES;
			};
			name = Release;
		};
		26A9D4D025B8A6CA00C1F78E /* Debug */ = {
			isa = XCBuildConfiguration;
			buildSettings = {
				ASSETCATALOG_COMPILER_APPICON_NAME = AppIcon;
				ASSETCATALOG_COMPILER_GLOBAL_ACCENT_COLOR_NAME = AccentColor;
				CODE_SIGN_IDENTITY = "Apple Development";
				CODE_SIGN_STYLE = Automatic;
				DEVELOPMENT_ASSET_PATHS = "\"TravelBlog/Preview Content\"";
				DEVELOPMENT_TEAM = 6D6XU3X587;
				ENABLE_PREVIEWS = YES;
				INFOPLIST_FILE = TravelBlog/Info.plist;
				IPHONEOS_DEPLOYMENT_TARGET = 14.0;
				LD_RUNPATH_SEARCH_PATHS = (
					"$(inherited)",
					"@executable_path/Frameworks",
				);
				PRODUCT_BUNDLE_IDENTIFIER = tkach.igor.TravelBlog;
				PRODUCT_NAME = "$(TARGET_NAME)";
				PROVISIONING_PROFILE_SPECIFIER = "";
				SWIFT_VERSION = 5.0;
				TARGETED_DEVICE_FAMILY = "1,2";
			};
			name = Debug;
		};
		26A9D4D125B8A6CA00C1F78E /* Release */ = {
			isa = XCBuildConfiguration;
			buildSettings = {
				ASSETCATALOG_COMPILER_APPICON_NAME = AppIcon;
				ASSETCATALOG_COMPILER_GLOBAL_ACCENT_COLOR_NAME = AccentColor;
				CODE_SIGN_IDENTITY = "Apple Development";
				CODE_SIGN_STYLE = Automatic;
				DEVELOPMENT_ASSET_PATHS = "\"TravelBlog/Preview Content\"";
				DEVELOPMENT_TEAM = 6D6XU3X587;
				ENABLE_PREVIEWS = YES;
				INFOPLIST_FILE = TravelBlog/Info.plist;
				IPHONEOS_DEPLOYMENT_TARGET = 14.0;
				LD_RUNPATH_SEARCH_PATHS = (
					"$(inherited)",
					"@executable_path/Frameworks",
				);
				PRODUCT_BUNDLE_IDENTIFIER = tkach.igor.TravelBlog;
				PRODUCT_NAME = "$(TARGET_NAME)";
				PROVISIONING_PROFILE_SPECIFIER = "";
				SWIFT_VERSION = 5.0;
				TARGETED_DEVICE_FAMILY = "1,2";
			};
			name = Release;
		};
/* End XCBuildConfiguration section */

/* Begin XCConfigurationList section */
		26A9D4BB25B8A6C900C1F78E /* Build configuration list for PBXProject "TravelBlog" */ = {
			isa = XCConfigurationList;
			buildConfigurations = (
				26A9D4CD25B8A6CA00C1F78E /* Debug */,
				26A9D4CE25B8A6CA00C1F78E /* Release */,
			);
			defaultConfigurationIsVisible = 0;
			defaultConfigurationName = Release;
		};
		26A9D4CF25B8A6CA00C1F78E /* Build configuration list for PBXNativeTarget "TravelBlog" */ = {
			isa = XCConfigurationList;
			buildConfigurations = (
				26A9D4D025B8A6CA00C1F78E /* Debug */,
				26A9D4D125B8A6CA00C1F78E /* Release */,
			);
			defaultConfigurationIsVisible = 0;
			defaultConfigurationName = Release;
		};
/* End XCConfigurationList section */

/* Begin XCRemoteSwiftPackageReference section */
		26A5802225BBA47400D5A01E /* XCRemoteSwiftPackageReference "Kingfisher" */ = {
			isa = XCRemoteSwiftPackageReference;
			repositoryURL = "https://github.com/onevcat/Kingfisher";
			requirement = {
				kind = upToNextMajorVersion;
				minimumVersion = 6.0.1;
			};
		};
/* End XCRemoteSwiftPackageReference section */

/* Begin XCSwiftPackageProductDependency section */
		26A5802325BBA47400D5A01E /* Kingfisher */ = {
			isa = XCSwiftPackageProductDependency;
			package = 26A5802225BBA47400D5A01E /* XCRemoteSwiftPackageReference "Kingfisher" */;
			productName = Kingfisher;
		};
/* End XCSwiftPackageProductDependency section */
	};
	rootObject = 26A9D4B825B8A6C900C1F78E /* Project object */;
}
